# THIS IS AN AUTOGENERATED FILE. DO NOT EDIT THIS FILE DIRECTLY.
# yarn lockfile v1


solmate@^6.2.0:
  version "6.2.0"
  resolved "https://registry.yarnpkg.com/solmate/-/solmate-6.2.0.tgz#edd29b5f3d6faafafdcf65fe4d1d959b4841cfa8"
  integrity sha512-AM38ioQ2P8zRsA42zenb9or6OybRjOLXIu3lhIT8rhddUuduCt76pUEuLxOIg9GByGojGz+EbpFdCB6B+QZVVA==
